
Microsoft Visual Studio Solution File, Format Version 12.00
# Visual Studio Version 17
VisualStudioVersion = 17.5.33028.167
MinimumVisualStudioVersion = 15.0.26124.0
Project("{2150E333-8FDC-42A3-9474-1A3956D46DE8}") = "Solution Items", "Solution Items", "{4A36A179-AB9F-4D63-8409-A7400F65C139}"
	ProjectSection(SolutionItems) = preProject
		.editorconfig = .editorconfig
		.gitignore = .gitignore
		.globalconfig = .globalconfig
		Directory.Build.props = Directory.Build.props
		Directory.Packages.props = Directory.Packages.props
		spec\figfont.html = spec\figfont.html
		spec\figfont.txt = spec\figfont.txt
		LICENSE = LICENSE
		README.md = README.md
	EndProjectSection
EndProject
Project("{9A19103F-16F7-4668-BE54-9A1E7A4F7556}") = "Figgle.Tests", "Figgle.Tests\Figgle.Tests.csproj", "{70205C92-9AEF-422F-AEDF-8EB07BFC554E}"
EndProject
Project("{9A19103F-16F7-4668-BE54-9A1E7A4F7556}") = "Figgle", "Figgle\Figgle.csproj", "{A2CB9674-A27D-48A7-A7BD-DAD5AB8C5F95}"
EndProject
Project("{9A19103F-16F7-4668-BE54-9A1E7A4F7556}") = "Figgle.Cmd", "Figgle.Cmd\Figgle.Cmd.csproj", "{00A6DD06-C313-4111-9F43-1D5DD5940B56}"
EndProject
Project("{2150E333-8FDC-42A3-9474-1A3956D46DE8}") = "Fonts", "Fonts", "{39B8EEFC-2BF9-4E33-B299-0BF4016AC5D7}"
	ProjectSection(SolutionItems) = preProject
		fonts\1row.flf = fonts\1row.flf
		fonts\3-d.flf = fonts\3-d.flf
		fonts\3d_diagonal.flf = fonts\3d_diagonal.flf
		fonts\3x5.flf = fonts\3x5.flf
		fonts\4max.flf = fonts\4max.flf
		fonts\5lineoblique.flf = fonts\5lineoblique.flf
		fonts\acrobatic.flf = fonts\acrobatic.flf
		fonts\alligator.flf = fonts\alligator.flf
		fonts\alligator2.flf = fonts\alligator2.flf
		fonts\alligator3.flf = fonts\alligator3.flf
		fonts\alpha.flf = fonts\alpha.flf
		fonts\alphabet.flf = fonts\alphabet.flf
		fonts\amc3line.flf = fonts\amc3line.flf
		fonts\amc3liv1.flf = fonts\amc3liv1.flf
		fonts\amcaaa01.flf = fonts\amcaaa01.flf
		fonts\amcneko.flf = fonts\amcneko.flf
		fonts\amcrazo2.flf = fonts\amcrazo2.flf
		fonts\amcrazor.flf = fonts\amcrazor.flf
		fonts\amcslash.flf = fonts\amcslash.flf
		fonts\amcslder.flf = fonts\amcslder.flf
		fonts\amcthin.flf = fonts\amcthin.flf
		fonts\amctubes.flf = fonts\amctubes.flf
		fonts\amcun1.flf = fonts\amcun1.flf
		fonts\arrows.flf = fonts\arrows.flf
		fonts\ascii_new_roman.flf = fonts\ascii_new_roman.flf
		fonts\avatar.flf = fonts\avatar.flf
		fonts\B1FF.flf = fonts\B1FF.flf
		fonts\banner.flf = fonts\banner.flf
		fonts\banner3-D.flf = fonts\banner3-D.flf
		fonts\banner3.flf = fonts\banner3.flf
		fonts\banner4.flf = fonts\banner4.flf
		fonts\barbwire.flf = fonts\barbwire.flf
		fonts\basic.flf = fonts\basic.flf
		fonts\bear.flf = fonts\bear.flf
		fonts\bell.flf = fonts\bell.flf
		fonts\benjamin.flf = fonts\benjamin.flf
		fonts\big.flf = fonts\big.flf
		fonts\bigchief.flf = fonts\bigchief.flf
		fonts\bigfig.flf = fonts\bigfig.flf
		fonts\binary.flf = fonts\binary.flf
		fonts\block.flf = fonts\block.flf
		fonts\blocks.flf = fonts\blocks.flf
		fonts\bolger.flf = fonts\bolger.flf
		fonts\braced.flf = fonts\braced.flf
		fonts\bright.flf = fonts\bright.flf
		fonts\broadway.flf = fonts\broadway.flf
		fonts\broadway_kb.flf = fonts\broadway_kb.flf
		fonts\bubble.flf = fonts\bubble.flf
		fonts\bulbhead.flf = fonts\bulbhead.flf
		fonts\calgphy2.flf = fonts\calgphy2.flf
		fonts\caligraphy.flf = fonts\caligraphy.flf
		fonts\cards.flf = fonts\cards.flf
		fonts\catwalk.flf = fonts\catwalk.flf
		fonts\chiseled.flf = fonts\chiseled.flf
		fonts\chunky.flf = fonts\chunky.flf
		fonts\coinstak.flf = fonts\coinstak.flf
		fonts\cola.flf = fonts\cola.flf
		fonts\colossal.flf = fonts\colossal.flf
		fonts\computer.flf = fonts\computer.flf
		fonts\contessa.flf = fonts\contessa.flf
		fonts\contrast.flf = fonts\contrast.flf
		fonts\cosmic.flf = fonts\cosmic.flf
		fonts\cosmike.flf = fonts\cosmike.flf
		fonts\crawford.flf = fonts\crawford.flf
		fonts\crazy.flf = fonts\crazy.flf
		fonts\cricket.flf = fonts\cricket.flf
		fonts\cursive.flf = fonts\cursive.flf
		fonts\cyberlarge.flf = fonts\cyberlarge.flf
		fonts\cybermedium.flf = fonts\cybermedium.flf
		fonts\cybersmall.flf = fonts\cybersmall.flf
		fonts\cygnet.flf = fonts\cygnet.flf
		fonts\DANC4.flf = fonts\DANC4.flf
		fonts\dancingfont.flf = fonts\dancingfont.flf
		fonts\decimal.flf = fonts\decimal.flf
		fonts\defleppard.flf = fonts\defleppard.flf
		fonts\diamond.flf = fonts\diamond.flf
		fonts\dietcola.flf = fonts\dietcola.flf
		fonts\digital.flf = fonts\digital.flf
		fonts\doh.flf = fonts\doh.flf
		fonts\doom.flf = fonts\doom.flf
		fonts\dosrebel.flf = fonts\dosrebel.flf
		fonts\dotmatrix.flf = fonts\dotmatrix.flf
		fonts\double.flf = fonts\double.flf
		fonts\doubleshorts.flf = fonts\doubleshorts.flf
		fonts\drpepper.flf = fonts\drpepper.flf
		fonts\dwhistled.flf = fonts\dwhistled.flf
		fonts\eftichess.flf = fonts\eftichess.flf
		fonts\eftifont.flf = fonts\eftifont.flf
		fonts\eftipiti.flf = fonts\eftipiti.flf
		fonts\eftirobot.flf = fonts\eftirobot.flf
		fonts\eftitalic.flf = fonts\eftitalic.flf
		fonts\eftiwall.flf = fonts\eftiwall.flf
		fonts\eftiwater.flf = fonts\eftiwater.flf
		fonts\epic.flf = fonts\epic.flf
		fonts\fender.flf = fonts\fender.flf
		fonts\filter.flf = fonts\filter.flf
		fonts\fire_font-k.flf = fonts\fire_font-k.flf
		fonts\fire_font-s.flf = fonts\fire_font-s.flf
		fonts\flipped.flf = fonts\flipped.flf
		fonts\flowerpower.flf = fonts\flowerpower.flf
		fonts\fourtops.flf = fonts\fourtops.flf
		fonts\fraktur.flf = fonts\fraktur.flf
		fonts\funface.flf = fonts\funface.flf
		fonts\funfaces.flf = fonts\funfaces.flf
		fonts\fuzzy.flf = fonts\fuzzy.flf
		fonts\georgi16.flf = fonts\georgi16.flf
		fonts\Georgia11.flf = fonts\Georgia11.flf
		fonts\ghost.flf = fonts\ghost.flf
		fonts\ghoulish.flf = fonts\ghoulish.flf
		fonts\glenyn.flf = fonts\glenyn.flf
		fonts\goofy.flf = fonts\goofy.flf
		fonts\gothic.flf = fonts\gothic.flf
		fonts\graceful.flf = fonts\graceful.flf
		fonts\gradient.flf = fonts\gradient.flf
		fonts\graffiti.flf = fonts\graffiti.flf
		fonts\greek.flf = fonts\greek.flf
		fonts\heart_left.flf = fonts\heart_left.flf
		fonts\heart_right.flf = fonts\heart_right.flf
		fonts\henry3d.flf = fonts\henry3d.flf
		fonts\hex.flf = fonts\hex.flf
		fonts\hieroglyphs.flf = fonts\hieroglyphs.flf
		fonts\hollywood.flf = fonts\hollywood.flf
		fonts\horizontalleft.flf = fonts\horizontalleft.flf
		fonts\horizontalright.flf = fonts\horizontalright.flf
		fonts\ICL-1900.flf = fonts\ICL-1900.flf
		fonts\impossible.flf = fonts\impossible.flf
		fonts\invita.flf = fonts\invita.flf
		fonts\isometric1.flf = fonts\isometric1.flf
		fonts\isometric2.flf = fonts\isometric2.flf
		fonts\isometric3.flf = fonts\isometric3.flf
		fonts\isometric4.flf = fonts\isometric4.flf
		fonts\italic.flf = fonts\italic.flf
		fonts\ivrit.flf = fonts\ivrit.flf
		fonts\jacky.flf = fonts\jacky.flf
		fonts\jazmine.flf = fonts\jazmine.flf
		fonts\jerusalem.flf = fonts\jerusalem.flf
		fonts\katakana.flf = fonts\katakana.flf
		fonts\kban.flf = fonts\kban.flf
		fonts\keyboard.flf = fonts\keyboard.flf
		fonts\knob.flf = fonts\knob.flf
		fonts\konto.flf = fonts\konto.flf
		fonts\kontoslant.flf = fonts\kontoslant.flf
		fonts\larry3d.flf = fonts\larry3d.flf
		fonts\lcd.flf = fonts\lcd.flf
		fonts\lean.flf = fonts\lean.flf
		fonts\letters.flf = fonts\letters.flf
		fonts\lildevil.flf = fonts\lildevil.flf
		fonts\lineblocks.flf = fonts\lineblocks.flf
		fonts\linux.flf = fonts\linux.flf
		fonts\lockergnome.flf = fonts\lockergnome.flf
		fonts\madrid.flf = fonts\madrid.flf
		fonts\marquee.flf = fonts\marquee.flf
		fonts\maxfour.flf = fonts\maxfour.flf
		fonts\merlin1.flf = fonts\merlin1.flf
		fonts\merlin2.flf = fonts\merlin2.flf
		fonts\mike.flf = fonts\mike.flf
		fonts\mini.flf = fonts\mini.flf
		fonts\mirror.flf = fonts\mirror.flf
		fonts\mnemonic.flf = fonts\mnemonic.flf
		fonts\modular.flf = fonts\modular.flf
		fonts\morse.flf = fonts\morse.flf
		fonts\morse2.flf = fonts\morse2.flf
		fonts\moscow.flf = fonts\moscow.flf
		fonts\mshebrew210.flf = fonts\mshebrew210.flf
		fonts\muzzle.flf = fonts\muzzle.flf
		fonts\nancyj-fancy.flf = fonts\nancyj-fancy.flf
		fonts\nancyj-improved.flf = fonts\nancyj-improved.flf
		fonts\nancyj-underlined.flf = fonts\nancyj-underlined.flf
		fonts\nancyj.flf = fonts\nancyj.flf
		fonts\nipples.flf = fonts\nipples.flf
		fonts\nscript.flf = fonts\nscript.flf
		fonts\ntgreek.flf = fonts\ntgreek.flf
		fonts\nvscript.flf = fonts\nvscript.flf
		fonts\o8.flf = fonts\o8.flf
		fonts\octal.flf = fonts\octal.flf
		fonts\ogre.flf = fonts\ogre.flf
		fonts\oldbanner.flf = fonts\oldbanner.flf
		fonts\os2.flf = fonts\os2.flf
		fonts\pawp.flf = fonts\pawp.flf
		fonts\peaks.flf = fonts\peaks.flf
		fonts\peaksslant.flf = fonts\peaksslant.flf
		fonts\pebbles.flf = fonts\pebbles.flf
		fonts\pepper.flf = fonts\pepper.flf
		fonts\poison.flf = fonts\poison.flf
		fonts\puffy.flf = fonts\puffy.flf
		fonts\puzzle.flf = fonts\puzzle.flf
		fonts\pyramid.flf = fonts\pyramid.flf
		fonts\rammstein.flf = fonts\rammstein.flf
		fonts\rectangles.flf = fonts\rectangles.flf
		fonts\red_phoenix.flf = fonts\red_phoenix.flf
		fonts\relief.flf = fonts\relief.flf
		fonts\relief2.flf = fonts\relief2.flf
		fonts\rev.flf = fonts\rev.flf
		fonts\reverse.flf = fonts\reverse.flf
		fonts\roman.flf = fonts\roman.flf
		fonts\rot13.flf = fonts\rot13.flf
		fonts\rotated.flf = fonts\rotated.flf
		fonts\rounded.flf = fonts\rounded.flf
		fonts\rowancap.flf = fonts\rowancap.flf
		fonts\rozzo.flf = fonts\rozzo.flf
		fonts\runic.flf = fonts\runic.flf
		fonts\runyc.flf = fonts\runyc.flf
		fonts\s-relief.flf = fonts\s-relief.flf
		fonts\santaclara.flf = fonts\santaclara.flf
		fonts\sblood.flf = fonts\sblood.flf
		fonts\script.flf = fonts\script.flf
		fonts\serifcap.flf = fonts\serifcap.flf
		fonts\shadow.flf = fonts\shadow.flf
		fonts\shimrod.flf = fonts\shimrod.flf
		fonts\short.flf = fonts\short.flf
		fonts\slant.flf = fonts\slant.flf
		fonts\slide.flf = fonts\slide.flf
		fonts\slscript.flf = fonts\slscript.flf
		fonts\small.flf = fonts\small.flf
		fonts\smallcaps.flf = fonts\smallcaps.flf
		fonts\smisome1.flf = fonts\smisome1.flf
		fonts\smkeyboard.flf = fonts\smkeyboard.flf
		fonts\smpoison.flf = fonts\smpoison.flf
		fonts\smscript.flf = fonts\smscript.flf
		fonts\smshadow.flf = fonts\smshadow.flf
		fonts\smslant.flf = fonts\smslant.flf
		fonts\smtengwar.flf = fonts\smtengwar.flf
		fonts\soft.flf = fonts\soft.flf
		fonts\speed.flf = fonts\speed.flf
		fonts\spliff.flf = fonts\spliff.flf
		fonts\stacey.flf = fonts\stacey.flf
		fonts\stampate.flf = fonts\stampate.flf
		fonts\stampatello.flf = fonts\stampatello.flf
		fonts\standard.flf = fonts\standard.flf
		fonts\starstrips.flf = fonts\starstrips.flf
		fonts\starwars.flf = fonts\starwars.flf
		fonts\stellar.flf = fonts\stellar.flf
		fonts\stforek.flf = fonts\stforek.flf
		fonts\stop.flf = fonts\stop.flf
		fonts\straight.flf = fonts\straight.flf
		fonts\sub-zero.flf = fonts\sub-zero.flf
		fonts\swampland.flf = fonts\swampland.flf
		fonts\swan.flf = fonts\swan.flf
		fonts\sweet.flf = fonts\sweet.flf
		fonts\tanja.flf = fonts\tanja.flf
		fonts\tengwar.flf = fonts\tengwar.flf
		fonts\term.flf = fonts\term.flf
		fonts\test1.flf = fonts\test1.flf
		fonts\thick.flf = fonts\thick.flf
		fonts\thin.flf = fonts\thin.flf
		fonts\threepoint.flf = fonts\threepoint.flf
		fonts\ticks.flf = fonts\ticks.flf
		fonts\ticksslant.flf = fonts\ticksslant.flf
		fonts\tiles.flf = fonts\tiles.flf
		fonts\tinker-toy.flf = fonts\tinker-toy.flf
		fonts\tombstone.flf = fonts\tombstone.flf
		fonts\train.flf = fonts\train.flf
		fonts\trek.flf = fonts\trek.flf
		fonts\tsalagi.flf = fonts\tsalagi.flf
		fonts\tubular.flf = fonts\tubular.flf
		fonts\twisted.flf = fonts\twisted.flf
		fonts\twopoint.flf = fonts\twopoint.flf
		fonts\univers.flf = fonts\univers.flf
		fonts\usaflag.flf = fonts\usaflag.flf
		fonts\varsity.flf = fonts\varsity.flf
		fonts\wavy.flf = fonts\wavy.flf
		fonts\weird.flf = fonts\weird.flf
		fonts\wetletter.flf = fonts\wetletter.flf
		fonts\whimsy.flf = fonts\whimsy.flf
		fonts\wow.flf = fonts\wow.flf
	EndProjectSection
EndProject
Project("{9A19103F-16F7-4668-BE54-9A1E7A4F7556}") = "Figgle.Generator", "Figgle.Generator\Figgle.Generator.csproj", "{E69FE91D-09C5-4104-ACF8-8D5A2662B70B}"
EndProject
Project("{9A19103F-16F7-4668-BE54-9A1E7A4F7556}") = "Figgle.Generator.Tests", "Figgle.Generator.Tests\Figgle.Generator.Tests.csproj", "{8695E5C8-7027-409C-8B19-439731AD5335}"
EndProject
Project("{FAE04EC0-301F-11D3-BF4B-00C04F79EFBC}") = "Figgle.Generator.AcceptanceTests", "Figgle.Generator.AcceptanceTests\Figgle.Generator.AcceptanceTests.csproj", "{E9177B5C-626B-44E6-87B4-2D712FB52DC9}"
EndProject
Project("{FAE04EC0-301F-11D3-BF4B-00C04F79EFBC}") = "Figgle.Fonts", "Figgle.Fonts\Figgle.Fonts.csproj", "{A94B3D16-C26C-4822-A0DF-846A11B27F7D}"
EndProject
Project("{2150E333-8FDC-42A3-9474-1A3956D46DE8}") = ".github", ".github", "{02EA681E-C7D8-13C7-8484-4AC65E1B71E8}"
	ProjectSection(SolutionItems) = preProject
		.github\workflows\CI.yml = .github\workflows\CI.yml
	EndProjectSection
EndProject
Global
	GlobalSection(SolutionConfigurationPlatforms) = preSolution
		Debug|Any CPU = Debug|Any CPU
		Debug|x64 = Debug|x64
		Debug|x86 = Debug|x86
		Release|Any CPU = Release|Any CPU
		Release|x64 = Release|x64
		Release|x86 = Release|x86
	EndGlobalSection
	GlobalSection(ProjectConfigurationPlatforms) = postSolution
		{70205C92-9AEF-422F-AEDF-8EB07BFC554E}.Debug|Any CPU.ActiveCfg = Debug|Any CPU
		{70205C92-9AEF-422F-AEDF-8EB07BFC554E}.Debug|Any CPU.Build.0 = Debug|Any CPU
		{70205C92-9AEF-422F-AEDF-8EB07BFC554E}.Debug|x64.ActiveCfg = Debug|Any CPU
		{70205C92-9AEF-422F-AEDF-8EB07BFC554E}.Debug|x64.Build.0 = Debug|Any CPU
		{70205C92-9AEF-422F-AEDF-8EB07BFC554E}.Debug|x86.ActiveCfg = Debug|Any CPU
		{70205C92-9AEF-422F-AEDF-8EB07BFC554E}.Debug|x86.Build.0 = Debug|Any CPU
		{70205C92-9AEF-422F-AEDF-8EB07BFC554E}.Release|Any CPU.ActiveCfg = Release|Any CPU
		{70205C92-9AEF-422F-AEDF-8EB07BFC554E}.Release|Any CPU.Build.0 = Release|Any CPU
		{70205C92-9AEF-422F-AEDF-8EB07BFC554E}.Release|x64.ActiveCfg = Release|Any CPU
		{70205C92-9AEF-422F-AEDF-8EB07BFC554E}.Release|x64.Build.0 = Release|Any CPU
		{70205C92-9AEF-422F-AEDF-8EB07BFC554E}.Release|x86.ActiveCfg = Release|Any CPU
		{70205C92-9AEF-422F-AEDF-8EB07BFC554E}.Release|x86.Build.0 = Release|Any CPU
		{A2CB9674-A27D-48A7-A7BD-DAD5AB8C5F95}.Debug|Any CPU.ActiveCfg = Debug|Any CPU
		{A2CB9674-A27D-48A7-A7BD-DAD5AB8C5F95}.Debug|Any CPU.Build.0 = Debug|Any CPU
		{A2CB9674-A27D-48A7-A7BD-DAD5AB8C5F95}.Debug|x64.ActiveCfg = Debug|Any CPU
		{A2CB9674-A27D-48A7-A7BD-DAD5AB8C5F95}.Debug|x64.Build.0 = Debug|Any CPU
		{A2CB9674-A27D-48A7-A7BD-DAD5AB8C5F95}.Debug|x86.ActiveCfg = Debug|Any CPU
		{A2CB9674-A27D-48A7-A7BD-DAD5AB8C5F95}.Debug|x86.Build.0 = Debug|Any CPU
		{A2CB9674-A27D-48A7-A7BD-DAD5AB8C5F95}.Release|Any CPU.ActiveCfg = Release|Any CPU
		{A2CB9674-A27D-48A7-A7BD-DAD5AB8C5F95}.Release|Any CPU.Build.0 = Release|Any CPU
		{A2CB9674-A27D-48A7-A7BD-DAD5AB8C5F95}.Release|x64.ActiveCfg = Release|Any CPU
		{A2CB9674-A27D-48A7-A7BD-DAD5AB8C5F95}.Release|x64.Build.0 = Release|Any CPU
		{A2CB9674-A27D-48A7-A7BD-DAD5AB8C5F95}.Release|x86.ActiveCfg = Release|Any CPU
		{A2CB9674-A27D-48A7-A7BD-DAD5AB8C5F95}.Release|x86.Build.0 = Release|Any CPU
		{00A6DD06-C313-4111-9F43-1D5DD5940B56}.Debug|Any CPU.ActiveCfg = Debug|Any CPU
		{00A6DD06-C313-4111-9F43-1D5DD5940B56}.Debug|Any CPU.Build.0 = Debug|Any CPU
		{00A6DD06-C313-4111-9F43-1D5DD5940B56}.Debug|x64.ActiveCfg = Debug|Any CPU
		{00A6DD06-C313-4111-9F43-1D5DD5940B56}.Debug|x64.Build.0 = Debug|Any CPU
		{00A6DD06-C313-4111-9F43-1D5DD5940B56}.Debug|x86.ActiveCfg = Debug|Any CPU
		{00A6DD06-C313-4111-9F43-1D5DD5940B56}.Debug|x86.Build.0 = Debug|Any CPU
		{00A6DD06-C313-4111-9F43-1D5DD5940B56}.Release|Any CPU.ActiveCfg = Release|Any CPU
		{00A6DD06-C313-4111-9F43-1D5DD5940B56}.Release|Any CPU.Build.0 = Release|Any CPU
		{00A6DD06-C313-4111-9F43-1D5DD5940B56}.Release|x64.ActiveCfg = Release|Any CPU
		{00A6DD06-C313-4111-9F43-1D5DD5940B56}.Release|x64.Build.0 = Release|Any CPU
		{00A6DD06-C313-4111-9F43-1D5DD5940B56}.Release|x86.ActiveCfg = Release|Any CPU
		{00A6DD06-C313-4111-9F43-1D5DD5940B56}.Release|x86.Build.0 = Release|Any CPU
		{E69FE91D-09C5-4104-ACF8-8D5A2662B70B}.Debug|Any CPU.ActiveCfg = Debug|Any CPU
		{E69FE91D-09C5-4104-ACF8-8D5A2662B70B}.Debug|Any CPU.Build.0 = Debug|Any CPU
		{E69FE91D-09C5-4104-ACF8-8D5A2662B70B}.Debug|x64.ActiveCfg = Debug|Any CPU
		{E69FE91D-09C5-4104-ACF8-8D5A2662B70B}.Debug|x64.Build.0 = Debug|Any CPU
		{E69FE91D-09C5-4104-ACF8-8D5A2662B70B}.Debug|x86.ActiveCfg = Debug|Any CPU
		{E69FE91D-09C5-4104-ACF8-8D5A2662B70B}.Debug|x86.Build.0 = Debug|Any CPU
		{E69FE91D-09C5-4104-ACF8-8D5A2662B70B}.Release|Any CPU.ActiveCfg = Release|Any CPU
		{E69FE91D-09C5-4104-ACF8-8D5A2662B70B}.Release|Any CPU.Build.0 = Release|Any CPU
		{E69FE91D-09C5-4104-ACF8-8D5A2662B70B}.Release|x64.ActiveCfg = Release|Any CPU
		{E69FE91D-09C5-4104-ACF8-8D5A2662B70B}.Release|x64.Build.0 = Release|Any CPU
		{E69FE91D-09C5-4104-ACF8-8D5A2662B70B}.Release|x86.ActiveCfg = Release|Any CPU
		{E69FE91D-09C5-4104-ACF8-8D5A2662B70B}.Release|x86.Build.0 = Release|Any CPU
		{8695E5C8-7027-409C-8B19-439731AD5335}.Debug|Any CPU.ActiveCfg = Debug|Any CPU
		{8695E5C8-7027-409C-8B19-439731AD5335}.Debug|Any CPU.Build.0 = Debug|Any CPU
		{8695E5C8-7027-409C-8B19-439731AD5335}.Debug|x64.ActiveCfg = Debug|Any CPU
		{8695E5C8-7027-409C-8B19-439731AD5335}.Debug|x64.Build.0 = Debug|Any CPU
		{8695E5C8-7027-409C-8B19-439731AD5335}.Debug|x86.ActiveCfg = Debug|Any CPU
		{8695E5C8-7027-409C-8B19-439731AD5335}.Debug|x86.Build.0 = Debug|Any CPU
		{8695E5C8-7027-409C-8B19-439731AD5335}.Release|Any CPU.ActiveCfg = Release|Any CPU
		{8695E5C8-7027-409C-8B19-439731AD5335}.Release|Any CPU.Build.0 = Release|Any CPU
		{8695E5C8-7027-409C-8B19-439731AD5335}.Release|x64.ActiveCfg = Release|Any CPU
		{8695E5C8-7027-409C-8B19-439731AD5335}.Release|x64.Build.0 = Release|Any CPU
		{8695E5C8-7027-409C-8B19-439731AD5335}.Release|x86.ActiveCfg = Release|Any CPU
		{8695E5C8-7027-409C-8B19-439731AD5335}.Release|x86.Build.0 = Release|Any CPU
		{E9177B5C-626B-44E6-87B4-2D712FB52DC9}.Debug|Any CPU.ActiveCfg = Debug|Any CPU
		{E9177B5C-626B-44E6-87B4-2D712FB52DC9}.Debug|Any CPU.Build.0 = Debug|Any CPU
		{E9177B5C-626B-44E6-87B4-2D712FB52DC9}.Debug|x64.ActiveCfg = Debug|Any CPU
		{E9177B5C-626B-44E6-87B4-2D712FB52DC9}.Debug|x64.Build.0 = Debug|Any CPU
		{E9177B5C-626B-44E6-87B4-2D712FB52DC9}.Debug|x86.ActiveCfg = Debug|Any CPU
		{E9177B5C-626B-44E6-87B4-2D712FB52DC9}.Debug|x86.Build.0 = Debug|Any CPU
		{E9177B5C-626B-44E6-87B4-2D712FB52DC9}.Release|Any CPU.ActiveCfg = Release|Any CPU
		{E9177B5C-626B-44E6-87B4-2D712FB52DC9}.Release|Any CPU.Build.0 = Release|Any CPU
		{E9177B5C-626B-44E6-87B4-2D712FB52DC9}.Release|x64.ActiveCfg = Release|Any CPU
		{E9177B5C-626B-44E6-87B4-2D712FB52DC9}.Release|x64.Build.0 = Release|Any CPU
		{E9177B5C-626B-44E6-87B4-2D712FB52DC9}.Release|x86.ActiveCfg = Release|Any CPU
		{E9177B5C-626B-44E6-87B4-2D712FB52DC9}.Release|x86.Build.0 = Release|Any CPU
		{A94B3D16-C26C-4822-A0DF-846A11B27F7D}.Debug|Any CPU.ActiveCfg = Debug|Any CPU
		{A94B3D16-C26C-4822-A0DF-846A11B27F7D}.Debug|Any CPU.Build.0 = Debug|Any CPU
		{A94B3D16-C26C-4822-A0DF-846A11B27F7D}.Debug|x64.ActiveCfg = Debug|Any CPU
		{A94B3D16-C26C-4822-A0DF-846A11B27F7D}.Debug|x64.Build.0 = Debug|Any CPU
		{A94B3D16-C26C-4822-A0DF-846A11B27F7D}.Debug|x86.ActiveCfg = Debug|Any CPU
		{A94B3D16-C26C-4822-A0DF-846A11B27F7D}.Debug|x86.Build.0 = Debug|Any CPU
		{A94B3D16-C26C-4822-A0DF-846A11B27F7D}.Release|Any CPU.ActiveCfg = Release|Any CPU
		{A94B3D16-C26C-4822-A0DF-846A11B27F7D}.Release|Any CPU.Build.0 = Release|Any CPU
		{A94B3D16-C26C-4822-A0DF-846A11B27F7D}.Release|x64.ActiveCfg = Release|Any CPU
		{A94B3D16-C26C-4822-A0DF-846A11B27F7D}.Release|x64.Build.0 = Release|Any CPU
		{A94B3D16-C26C-4822-A0DF-846A11B27F7D}.Release|x86.ActiveCfg = Release|Any CPU
		{A94B3D16-C26C-4822-A0DF-846A11B27F7D}.Release|x86.Build.0 = Release|Any CPU
	EndGlobalSection
	GlobalSection(SolutionProperties) = preSolution
		HideSolutionNode = FALSE
	EndGlobalSection
	GlobalSection(NestedProjects) = preSolution
		{39B8EEFC-2BF9-4E33-B299-0BF4016AC5D7} = {4A36A179-AB9F-4D63-8409-A7400F65C139}
		{02EA681E-C7D8-13C7-8484-4AC65E1B71E8} = {4A36A179-AB9F-4D63-8409-A7400F65C139}
	EndGlobalSection
	GlobalSection(ExtensibilityGlobals) = postSolution
		SolutionGuid = {69F27669-F6DA-410D-8F8B-9E6877CC73F4}
	EndGlobalSection
EndGlobal
